
Microsoft Visual Studio Solution File, Format Version 12.00
# Visual Studio 15
VisualStudioVersion = 15.0.27428.2043
MinimumVisualStudioVersion = 10.0.40219.1
Project("{9A19103F-16F7-4668-BE54-9A1E7A4F7556}") = "Elections", "Elections\Elections.csproj", "{73FE97F9-E45D-48E2-9AAE-BF955A7169BA}"
EndProject
Project("{FAE04EC0-301F-11D3-BF4B-00C04F79EFBC}") = "SumTo13", "SumTo13\SumTo13.csproj", "{1C585C91-E8C3-4565-BE11-7C3CDB60640F}"
EndProject
Project("{FAE04EC0-301F-11D3-BF4B-00C04F79EFBC}") = "Lumber", "Lumber\Lumber.csproj", "{146149D5-9DD1-4FA0-B4AD-7F0BA36F9FDE}"
EndProject
Global
	GlobalSection(SolutionConfigurationPlatforms) = preSolution
		Debug|Any CPU = Debug|Any CPU
		Release|Any CPU = Release|Any CPU
	EndGlobalSection
	GlobalSection(ProjectConfigurationPlatforms) = postSolution
		{73FE97F9-E45D-48E2-9AAE-BF955A7169BA}.Debug|Any CPU.ActiveCfg = Debug|Any CPU
		{73FE97F9-E45D-48E2-9AAE-BF955A7169BA}.Debug|Any CPU.Build.0 = Debug|Any CPU
		{73FE97F9-E45D-48E2-9AAE-BF955A7169BA}.Release|Any CPU.ActiveCfg = Release|Any CPU
		{73FE97F9-E45D-48E2-9AAE-BF955A7169BA}.Release|Any CPU.Build.0 = Release|Any CPU
		{1C585C91-E8C3-4565-BE11-7C3CDB60640F}.Debug|Any CPU.ActiveCfg = Debug|Any CPU
		{1C585C91-E8C3-4565-BE11-7C3CDB60640F}.Debug|Any CPU.Build.0 = Debug|Any CPU
		{1C585C91-E8C3-4565-BE11-7C3CDB60640F}.Release|Any CPU.ActiveCfg = Release|Any CPU
		{1C585C91-E8C3-4565-BE11-7C3CDB60640F}.Release|Any CPU.Build.0 = Release|Any CPU
		{146149D5-9DD1-4FA0-B4AD-7F0BA36F9FDE}.Debug|Any CPU.ActiveCfg = Debug|Any CPU
		{146149D5-9DD1-4FA0-B4AD-7F0BA36F9FDE}.Debug|Any CPU.Build.0 = Debug|Any CPU
		{146149D5-9DD1-4FA0-B4AD-7F0BA36F9FDE}.Release|Any CPU.ActiveCfg = Release|Any CPU
		{146149D5-9DD1-4FA0-B4AD-7F0BA36F9FDE}.Release|Any CPU.Build.0 = Release|Any CPU
	EndGlobalSection
	GlobalSection(SolutionProperties) = preSolution
		HideSolutionNode = FALSE
	EndGlobalSection
	GlobalSection(ExtensibilityGlobals) = postSolution
		SolutionGuid = {B039471C-B626-4FD0-B2CA-5C2FC3D38360}
	EndGlobalSection
EndGlobal
