
Microsoft Visual Studio Solution File, Format Version 12.00
# Visual Studio 15
VisualStudioVersion = 15.0.27428.2037
MinimumVisualStudioVersion = 10.0.40219.1
Project("{FAE04EC0-301F-11D3-BF4B-00C04F79EFBC}") = "BreakCycles", "BreakCycles\BreakCycles.csproj", "{FC8A14D7-800C-4592-A673-4D7FC6646FAB}"
EndProject
Global
	GlobalSection(SolutionConfigurationPlatforms) = preSolution
		Debug|Any CPU = Debug|Any CPU
		Release|Any CPU = Release|Any CPU
	EndGlobalSection
	GlobalSection(ProjectConfigurationPlatforms) = postSolution
		{FC8A14D7-800C-4592-A673-4D7FC6646FAB}.Debug|Any CPU.ActiveCfg = Debug|Any CPU
		{FC8A14D7-800C-4592-A673-4D7FC6646FAB}.Debug|Any CPU.Build.0 = Debug|Any CPU
		{FC8A14D7-800C-4592-A673-4D7FC6646FAB}.Release|Any CPU.ActiveCfg = Release|Any CPU
		{FC8A14D7-800C-4592-A673-4D7FC6646FAB}.Release|Any CPU.Build.0 = Release|Any CPU
	EndGlobalSection
	GlobalSection(SolutionProperties) = preSolution
		HideSolutionNode = FALSE
	EndGlobalSection
	GlobalSection(ExtensibilityGlobals) = postSolution
		SolutionGuid = {337EECAC-0A31-4686-8A44-87BE24911302}
	EndGlobalSection
EndGlobal
