
Microsoft Visual Studio Solution File, Format Version 12.00
# Visual Studio 15
VisualStudioVersion = 15.0.27428.2027
MinimumVisualStudioVersion = 10.0.40219.1
Project("{FAE04EC0-301F-11D3-BF4B-00C04F79EFBC}") = "Fibonacci", "Fibonacci\Fibonacci.csproj", "{6039466E-37BA-4D8A-9F52-7CAC12D1FC1D}"
EndProject
Project("{FAE04EC0-301F-11D3-BF4B-00C04F79EFBC}") = "LongestIncreasingSubsequence", "LongestIncreasingSubsequence\LongestIncreasingSubsequence.csproj", "{A68C2DC6-78BE-4934-8A36-35EE8F4A97B3}"
EndProject
Project("{FAE04EC0-301F-11D3-BF4B-00C04F79EFBC}") = "MoveDownRight", "MoveDownRight\MoveDownRight.csproj", "{2BEB6AA5-FAE6-47C0-AA5F-8AC9D617B485}"
EndProject
Global
	GlobalSection(SolutionConfigurationPlatforms) = preSolution
		Debug|Any CPU = Debug|Any CPU
		Release|Any CPU = Release|Any CPU
	EndGlobalSection
	GlobalSection(ProjectConfigurationPlatforms) = postSolution
		{6039466E-37BA-4D8A-9F52-7CAC12D1FC1D}.Debug|Any CPU.ActiveCfg = Debug|Any CPU
		{6039466E-37BA-4D8A-9F52-7CAC12D1FC1D}.Debug|Any CPU.Build.0 = Debug|Any CPU
		{6039466E-37BA-4D8A-9F52-7CAC12D1FC1D}.Release|Any CPU.ActiveCfg = Release|Any CPU
		{6039466E-37BA-4D8A-9F52-7CAC12D1FC1D}.Release|Any CPU.Build.0 = Release|Any CPU
		{A68C2DC6-78BE-4934-8A36-35EE8F4A97B3}.Debug|Any CPU.ActiveCfg = Debug|Any CPU
		{A68C2DC6-78BE-4934-8A36-35EE8F4A97B3}.Debug|Any CPU.Build.0 = Debug|Any CPU
		{A68C2DC6-78BE-4934-8A36-35EE8F4A97B3}.Release|Any CPU.ActiveCfg = Release|Any CPU
		{A68C2DC6-78BE-4934-8A36-35EE8F4A97B3}.Release|Any CPU.Build.0 = Release|Any CPU
		{2BEB6AA5-FAE6-47C0-AA5F-8AC9D617B485}.Debug|Any CPU.ActiveCfg = Debug|Any CPU
		{2BEB6AA5-FAE6-47C0-AA5F-8AC9D617B485}.Debug|Any CPU.Build.0 = Debug|Any CPU
		{2BEB6AA5-FAE6-47C0-AA5F-8AC9D617B485}.Release|Any CPU.ActiveCfg = Release|Any CPU
		{2BEB6AA5-FAE6-47C0-AA5F-8AC9D617B485}.Release|Any CPU.Build.0 = Release|Any CPU
	EndGlobalSection
	GlobalSection(SolutionProperties) = preSolution
		HideSolutionNode = FALSE
	EndGlobalSection
	GlobalSection(ExtensibilityGlobals) = postSolution
		SolutionGuid = {98C7DC5C-754A-4559-B79E-B09733FE83F3}
	EndGlobalSection
EndGlobal
