
Microsoft Visual Studio Solution File, Format Version 12.00
# Visual Studio 15
VisualStudioVersion = 15.0.26430.14
MinimumVisualStudioVersion = 10.0.40219.1
Project("{FAE04EC0-301F-11D3-BF4B-00C04F79EFBC}") = "L03-RecursiveDrawing", "L03-RecursiveDrawing\L03-RecursiveDrawing.csproj", "{DC02AD03-27CF-4429-B796-375BA441DFB3}"
EndProject
Project("{FAE04EC0-301F-11D3-BF4B-00C04F79EFBC}") = "L02-RecursiveFactorial", "L02-RecursiveFactorial\L02-RecursiveFactorial.csproj", "{6EF6B0F8-4CCA-4C2A-A1C9-7C1D25C968B9}"
EndProject
Project("{FAE04EC0-301F-11D3-BF4B-00C04F79EFBC}") = "L01-RecursiveArraySum", "L01-RecursiveArraySum\L01-RecursiveArraySum.csproj", "{DB30BF68-1D66-4A5F-98AB-D5DE4407833E}"
EndProject
Project("{FAE04EC0-301F-11D3-BF4B-00C04F79EFBC}") = "L04-GeneratingVectors", "L04-GeneratingVectors\L04-GeneratingVectors.csproj", "{BAE85F32-74B4-4F45-BB63-3AB85384E4FC}"
EndProject
Project("{FAE04EC0-301F-11D3-BF4B-00C04F79EFBC}") = "L05-GeneratingCombinations", "L05-GeneratingCombinations\L05-GeneratingCombinations.csproj", "{B7FB0E5F-A9D6-416E-BF32-4209988D96AB}"
EndProject
Project("{FAE04EC0-301F-11D3-BF4B-00C04F79EFBC}") = "L06-8QueensPuzzle", "L06-8QueensPuzzle\L06-8QueensPuzzle.csproj", "{88EC6842-78BF-476A-ABC2-0CAE097B88C7}"
EndProject
Project("{FAE04EC0-301F-11D3-BF4B-00C04F79EFBC}") = "L07-FindAllPathsInLabyrinth", "L07-FindAllPathsInLabyrinth\L07-FindAllPathsInLabyrinth.csproj", "{37507482-B908-4EFC-ACD7-20C74259FBF8}"
EndProject
Global
	GlobalSection(SolutionConfigurationPlatforms) = preSolution
		Debug|Any CPU = Debug|Any CPU
		Release|Any CPU = Release|Any CPU
	EndGlobalSection
	GlobalSection(ProjectConfigurationPlatforms) = postSolution
		{DC02AD03-27CF-4429-B796-375BA441DFB3}.Debug|Any CPU.ActiveCfg = Debug|Any CPU
		{DC02AD03-27CF-4429-B796-375BA441DFB3}.Debug|Any CPU.Build.0 = Debug|Any CPU
		{DC02AD03-27CF-4429-B796-375BA441DFB3}.Release|Any CPU.ActiveCfg = Release|Any CPU
		{DC02AD03-27CF-4429-B796-375BA441DFB3}.Release|Any CPU.Build.0 = Release|Any CPU
		{6EF6B0F8-4CCA-4C2A-A1C9-7C1D25C968B9}.Debug|Any CPU.ActiveCfg = Debug|Any CPU
		{6EF6B0F8-4CCA-4C2A-A1C9-7C1D25C968B9}.Debug|Any CPU.Build.0 = Debug|Any CPU
		{6EF6B0F8-4CCA-4C2A-A1C9-7C1D25C968B9}.Release|Any CPU.ActiveCfg = Release|Any CPU
		{6EF6B0F8-4CCA-4C2A-A1C9-7C1D25C968B9}.Release|Any CPU.Build.0 = Release|Any CPU
		{DB30BF68-1D66-4A5F-98AB-D5DE4407833E}.Debug|Any CPU.ActiveCfg = Debug|Any CPU
		{DB30BF68-1D66-4A5F-98AB-D5DE4407833E}.Debug|Any CPU.Build.0 = Debug|Any CPU
		{DB30BF68-1D66-4A5F-98AB-D5DE4407833E}.Release|Any CPU.ActiveCfg = Release|Any CPU
		{DB30BF68-1D66-4A5F-98AB-D5DE4407833E}.Release|Any CPU.Build.0 = Release|Any CPU
		{BAE85F32-74B4-4F45-BB63-3AB85384E4FC}.Debug|Any CPU.ActiveCfg = Debug|Any CPU
		{BAE85F32-74B4-4F45-BB63-3AB85384E4FC}.Debug|Any CPU.Build.0 = Debug|Any CPU
		{BAE85F32-74B4-4F45-BB63-3AB85384E4FC}.Release|Any CPU.ActiveCfg = Release|Any CPU
		{BAE85F32-74B4-4F45-BB63-3AB85384E4FC}.Release|Any CPU.Build.0 = Release|Any CPU
		{B7FB0E5F-A9D6-416E-BF32-4209988D96AB}.Debug|Any CPU.ActiveCfg = Debug|Any CPU
		{B7FB0E5F-A9D6-416E-BF32-4209988D96AB}.Debug|Any CPU.Build.0 = Debug|Any CPU
		{B7FB0E5F-A9D6-416E-BF32-4209988D96AB}.Release|Any CPU.ActiveCfg = Release|Any CPU
		{B7FB0E5F-A9D6-416E-BF32-4209988D96AB}.Release|Any CPU.Build.0 = Release|Any CPU
		{88EC6842-78BF-476A-ABC2-0CAE097B88C7}.Debug|Any CPU.ActiveCfg = Debug|Any CPU
		{88EC6842-78BF-476A-ABC2-0CAE097B88C7}.Debug|Any CPU.Build.0 = Debug|Any CPU
		{88EC6842-78BF-476A-ABC2-0CAE097B88C7}.Release|Any CPU.ActiveCfg = Release|Any CPU
		{88EC6842-78BF-476A-ABC2-0CAE097B88C7}.Release|Any CPU.Build.0 = Release|Any CPU
		{37507482-B908-4EFC-ACD7-20C74259FBF8}.Debug|Any CPU.ActiveCfg = Debug|Any CPU
		{37507482-B908-4EFC-ACD7-20C74259FBF8}.Debug|Any CPU.Build.0 = Debug|Any CPU
		{37507482-B908-4EFC-ACD7-20C74259FBF8}.Release|Any CPU.ActiveCfg = Release|Any CPU
		{37507482-B908-4EFC-ACD7-20C74259FBF8}.Release|Any CPU.Build.0 = Release|Any CPU
	EndGlobalSection
	GlobalSection(SolutionProperties) = preSolution
		HideSolutionNode = FALSE
	EndGlobalSection
EndGlobal
