
Microsoft Visual Studio Solution File, Format Version 12.00
# Visual Studio 15
VisualStudioVersion = 15.0.27428.2043
MinimumVisualStudioVersion = 10.0.40219.1
Project("{9A19103F-16F7-4668-BE54-9A1E7A4F7556}") = "Parentheses", "Parentheses\Parentheses.csproj", "{468589FD-B0BB-48A3-AF96-1884509EF669}"
EndProject
Project("{9A19103F-16F7-4668-BE54-9A1E7A4F7556}") = "ParkingZones", "ParkingZones\ParkingZones.csproj", "{4BCA0149-7B84-4F6D-BB8A-3D4463AF53FE}"
EndProject
Global
	GlobalSection(SolutionConfigurationPlatforms) = preSolution
		Debug|Any CPU = Debug|Any CPU
		Release|Any CPU = Release|Any CPU
	EndGlobalSection
	GlobalSection(ProjectConfigurationPlatforms) = postSolution
		{468589FD-B0BB-48A3-AF96-1884509EF669}.Debug|Any CPU.ActiveCfg = Debug|Any CPU
		{468589FD-B0BB-48A3-AF96-1884509EF669}.Debug|Any CPU.Build.0 = Debug|Any CPU
		{468589FD-B0BB-48A3-AF96-1884509EF669}.Release|Any CPU.ActiveCfg = Release|Any CPU
		{468589FD-B0BB-48A3-AF96-1884509EF669}.Release|Any CPU.Build.0 = Release|Any CPU
		{4BCA0149-7B84-4F6D-BB8A-3D4463AF53FE}.Debug|Any CPU.ActiveCfg = Debug|Any CPU
		{4BCA0149-7B84-4F6D-BB8A-3D4463AF53FE}.Debug|Any CPU.Build.0 = Debug|Any CPU
		{4BCA0149-7B84-4F6D-BB8A-3D4463AF53FE}.Release|Any CPU.ActiveCfg = Release|Any CPU
		{4BCA0149-7B84-4F6D-BB8A-3D4463AF53FE}.Release|Any CPU.Build.0 = Release|Any CPU
	EndGlobalSection
	GlobalSection(SolutionProperties) = preSolution
		HideSolutionNode = FALSE
	EndGlobalSection
	GlobalSection(ExtensibilityGlobals) = postSolution
		SolutionGuid = {9241FEEF-6F47-455B-956F-8A1AACF4C949}
	EndGlobalSection
EndGlobal
