
Microsoft Visual Studio Solution File, Format Version 12.00
# Visual Studio 15
VisualStudioVersion = 15.0.27428.2043
MinimumVisualStudioVersion = 10.0.40219.1
Project("{9A19103F-16F7-4668-BE54-9A1E7A4F7556}") = "Blocks", "Blocks\Blocks.csproj", "{C325C269-BF42-43CE-9279-48CB363F89A7}"
EndProject
Project("{FAE04EC0-301F-11D3-BF4B-00C04F79EFBC}") = "BlocksOptimized", "BlocksOptimized\BlocksOptimized.csproj", "{6F20AFFA-050A-4B26-A6FF-65A87C2A6508}"
EndProject
Project("{FAE04EC0-301F-11D3-BF4B-00C04F79EFBC}") = "ZigzagMatrix", "ZigzagMatrix\ZigzagMatrix.csproj", "{D3584587-FA58-4B21-92D0-A35A9532EB78}"
EndProject
Global
	GlobalSection(SolutionConfigurationPlatforms) = preSolution
		Debug|Any CPU = Debug|Any CPU
		Release|Any CPU = Release|Any CPU
	EndGlobalSection
	GlobalSection(ProjectConfigurationPlatforms) = postSolution
		{C325C269-BF42-43CE-9279-48CB363F89A7}.Debug|Any CPU.ActiveCfg = Debug|Any CPU
		{C325C269-BF42-43CE-9279-48CB363F89A7}.Debug|Any CPU.Build.0 = Debug|Any CPU
		{C325C269-BF42-43CE-9279-48CB363F89A7}.Release|Any CPU.ActiveCfg = Release|Any CPU
		{C325C269-BF42-43CE-9279-48CB363F89A7}.Release|Any CPU.Build.0 = Release|Any CPU
		{6F20AFFA-050A-4B26-A6FF-65A87C2A6508}.Debug|Any CPU.ActiveCfg = Debug|Any CPU
		{6F20AFFA-050A-4B26-A6FF-65A87C2A6508}.Debug|Any CPU.Build.0 = Debug|Any CPU
		{6F20AFFA-050A-4B26-A6FF-65A87C2A6508}.Release|Any CPU.ActiveCfg = Release|Any CPU
		{6F20AFFA-050A-4B26-A6FF-65A87C2A6508}.Release|Any CPU.Build.0 = Release|Any CPU
		{D3584587-FA58-4B21-92D0-A35A9532EB78}.Debug|Any CPU.ActiveCfg = Debug|Any CPU
		{D3584587-FA58-4B21-92D0-A35A9532EB78}.Debug|Any CPU.Build.0 = Debug|Any CPU
		{D3584587-FA58-4B21-92D0-A35A9532EB78}.Release|Any CPU.ActiveCfg = Release|Any CPU
		{D3584587-FA58-4B21-92D0-A35A9532EB78}.Release|Any CPU.Build.0 = Release|Any CPU
	EndGlobalSection
	GlobalSection(SolutionProperties) = preSolution
		HideSolutionNode = FALSE
	EndGlobalSection
	GlobalSection(ExtensibilityGlobals) = postSolution
		SolutionGuid = {D81AEF08-92EF-4235-8666-60D05084BAFC}
	EndGlobalSection
EndGlobal
